
Microsoft Visual Studio Solution File, Format Version 11.00
# Visual Studio 2010
Project("{FAE04EC0-301F-11D3-BF4B-00C04F79EFBC}") = "testgit", "testgit\testgit.csproj", "{50AD34E0-9471-4231-8C4D-CD10BBF29009}"
EndProject
Global
	GlobalSection(SolutionConfigurationPlatforms) = preSolution
		Debug|Any CPU = Debug|Any CPU
		Release|Any CPU = Release|Any CPU
	EndGlobalSection
	GlobalSection(ProjectConfigurationPlatforms) = postSolution
		{50AD34E0-9471-4231-8C4D-CD10BBF29009}.Debug|Any CPU.ActiveCfg = Debug|Any CPU
		{50AD34E0-9471-4231-8C4D-CD10BBF29009}.Debug|Any CPU.Build.0 = Debug|Any CPU
		{50AD34E0-9471-4231-8C4D-CD10BBF29009}.Release|Any CPU.ActiveCfg = Release|Any CPU
		{50AD34E0-9471-4231-8C4D-CD10BBF29009}.Release|Any CPU.Build.0 = Release|Any CPU
	EndGlobalSection
	GlobalSection(SolutionProperties) = preSolution
		HideSolutionNode = FALSE
	EndGlobalSection
EndGlobal
